
Microsoft Visual Studio Solution File, Format Version 12.00
# Visual Studio Version 16
VisualStudioVersion = 16.0.33328.57
MinimumVisualStudioVersion = 10.0.40219.1
Project("{8BC9CEB8-8B4A-11D0-8D11-00A0C91BC942}") = "game3", "game3\game3.vcxproj", "{72868333-C004-46EE-9F0A-66A4A7B46E9E}"
EndProject
Global
	GlobalSection(SolutionConfigurationPlatforms) = preSolution
		Debug|x64 = Debug|x64
		Debug|x86 = Debug|x86
		Release|x64 = Release|x64
		Release|x86 = Release|x86
	EndGlobalSection
	GlobalSection(ProjectConfigurationPlatforms) = postSolution
		{72868333-C004-46EE-9F0A-66A4A7B46E9E}.Debug|x64.ActiveCfg = Debug|x64
		{72868333-C004-46EE-9F0A-66A4A7B46E9E}.Debug|x64.Build.0 = Debug|x64
		{72868333-C004-46EE-9F0A-66A4A7B46E9E}.Debug|x86.ActiveCfg = Debug|Win32
		{72868333-C004-46EE-9F0A-66A4A7B46E9E}.Debug|x86.Build.0 = Debug|Win32
		{72868333-C004-46EE-9F0A-66A4A7B46E9E}.Release|x64.ActiveCfg = Release|x64
		{72868333-C004-46EE-9F0A-66A4A7B46E9E}.Release|x64.Build.0 = Release|x64
		{72868333-C004-46EE-9F0A-66A4A7B46E9E}.Release|x86.ActiveCfg = Release|Win32
		{72868333-C004-46EE-9F0A-66A4A7B46E9E}.Release|x86.Build.0 = Release|Win32
	EndGlobalSection
	GlobalSection(SolutionProperties) = preSolution
		HideSolutionNode = FALSE
	EndGlobalSection
	GlobalSection(ExtensibilityGlobals) = postSolution
		SolutionGuid = {21D2E512-DBFF-4AFB-B08B-4ABC5222CE9D}
	EndGlobalSection
EndGlobal
